
Microsoft Visual Studio Solution File, Format Version 12.00
# Visual Studio 14
VisualStudioVersion = 14.0.25420.1
MinimumVisualStudioVersion = 10.0.40219.1
Project("{FAE04EC0-301F-11D3-BF4B-00C04F79EFBC}") = "LaBodega_Crpt", "LaBodega_Crpt\LaBodega_Crpt.csproj", "{33D6EE30-5D13-44C0-B830-A7994933FF15}"
EndProject
Global
	GlobalSection(SolutionConfigurationPlatforms) = preSolution
		Debug|Any CPU = Debug|Any CPU
		Release|Any CPU = Release|Any CPU
	EndGlobalSection
	GlobalSection(ProjectConfigurationPlatforms) = postSolution
		{33D6EE30-5D13-44C0-B830-A7994933FF15}.Debug|Any CPU.ActiveCfg = Debug|Any CPU
		{33D6EE30-5D13-44C0-B830-A7994933FF15}.Debug|Any CPU.Build.0 = Debug|Any CPU
		{33D6EE30-5D13-44C0-B830-A7994933FF15}.Release|Any CPU.ActiveCfg = Release|Any CPU
		{33D6EE30-5D13-44C0-B830-A7994933FF15}.Release|Any CPU.Build.0 = Release|Any CPU
	EndGlobalSection
	GlobalSection(SolutionProperties) = preSolution
		HideSolutionNode = FALSE
	EndGlobalSection
EndGlobal
